
Microsoft Visual Studio Solution File, Format Version 12.00
# Visual Studio Version 16
VisualStudioVersion = 16.0.30709.132
MinimumVisualStudioVersion = 10.0.40219.1
Project("{FAE04EC0-301F-11D3-BF4B-00C04F79EFBC}") = "DemoApp", "DemoApp\DemoApp.csproj", "{3886F5A0-67E4-4DC6-BC15-E31F4A58310F}"
EndProject
Global
	GlobalSection(SolutionConfigurationPlatforms) = preSolution
		Debug|Any CPU = Debug|Any CPU
		Release|Any CPU = Release|Any CPU
	EndGlobalSection
	GlobalSection(ProjectConfigurationPlatforms) = postSolution
		{3886F5A0-67E4-4DC6-BC15-E31F4A58310F}.Debug|Any CPU.ActiveCfg = Debug|Any CPU
		{3886F5A0-67E4-4DC6-BC15-E31F4A58310F}.Debug|Any CPU.Build.0 = Debug|Any CPU
		{3886F5A0-67E4-4DC6-BC15-E31F4A58310F}.Release|Any CPU.ActiveCfg = Release|Any CPU
		{3886F5A0-67E4-4DC6-BC15-E31F4A58310F}.Release|Any CPU.Build.0 = Release|Any CPU
	EndGlobalSection
	GlobalSection(SolutionProperties) = preSolution
		HideSolutionNode = FALSE
	EndGlobalSection
	GlobalSection(ExtensibilityGlobals) = postSolution
		SolutionGuid = {DF0A1C77-51D3-4EA2-8CA7-D889A06650B3}
	EndGlobalSection
EndGlobal
